{
  "name": "swath-ai",
  "version": "1.0.0",
  "lockfileVersion": 3,
  "requires": true,
  "packages": {
    "": {
      "name": "swath-ai",
      "version": "1.0.0",
      "license": "ISC",
      "dependencies": {
        "@google/genai": "^2.17.1",
        "dotenv": "^17.4.2",
        "express": "^5.2.1",
        "multer": "^2.2.0",
        "openai": "^7.4.0",
        "zod": "^4.4.3",
        "zod-json-schema": "^0.0.1",
        "zod-to-json-schema": "^3.25.2"
      }
    }
  }
}
   